
Microsoft Visual Studio Solution File, Format Version 12.00
# Visual Studio 15
VisualStudioVersion = 15.0.27428.2002
MinimumVisualStudioVersion = 10.0.40219.1
Project("{9A19103F-16F7-4668-BE54-9A1E7A4F7556}") = "MagnisChatAPI", "MagnisChatAPI\MagnisChatAPI.csproj", "{E981756C-B521-4323-B9A2-A16D09BFD096}"
EndProject
Project("{FAE04EC0-301F-11D3-BF4B-00C04F79EFBC}") = "MagnisChatWPF", "MagnisChatWPF\MagnisChatWPF.csproj", "{A33FC33E-6412-4683-A6E1-0F0DB7B7B9AA}"
EndProject
Project("{FAE04EC0-301F-11D3-BF4B-00C04F79EFBC}") = "Common", "Common\Common.csproj", "{B7D8FBC7-D2B3-421C-A6BB-050112008E47}"
EndProject
Project("{FAE04EC0-301F-11D3-BF4B-00C04F79EFBC}") = "Managers", "Managers\Managers.csproj", "{C5A28FC5-BF3B-40E5-9A0B-65C6054C021B}"
EndProject
Project("{FAE04EC0-301F-11D3-BF4B-00C04F79EFBC}") = "DataAccessLayer", "DataAccessLayer\DataAccessLayer.csproj", "{14F92420-17E4-4791-82E1-75921BC2D8F6}"
EndProject
Global
	GlobalSection(SolutionConfigurationPlatforms) = preSolution
		Debug|Any CPU = Debug|Any CPU
		Release|Any CPU = Release|Any CPU
	EndGlobalSection
	GlobalSection(ProjectConfigurationPlatforms) = postSolution
		{E981756C-B521-4323-B9A2-A16D09BFD096}.Debug|Any CPU.ActiveCfg = Debug|Any CPU
		{E981756C-B521-4323-B9A2-A16D09BFD096}.Debug|Any CPU.Build.0 = Debug|Any CPU
		{E981756C-B521-4323-B9A2-A16D09BFD096}.Release|Any CPU.ActiveCfg = Release|Any CPU
		{E981756C-B521-4323-B9A2-A16D09BFD096}.Release|Any CPU.Build.0 = Release|Any CPU
		{A33FC33E-6412-4683-A6E1-0F0DB7B7B9AA}.Debug|Any CPU.ActiveCfg = Debug|Any CPU
		{A33FC33E-6412-4683-A6E1-0F0DB7B7B9AA}.Debug|Any CPU.Build.0 = Debug|Any CPU
		{A33FC33E-6412-4683-A6E1-0F0DB7B7B9AA}.Release|Any CPU.ActiveCfg = Release|Any CPU
		{A33FC33E-6412-4683-A6E1-0F0DB7B7B9AA}.Release|Any CPU.Build.0 = Release|Any CPU
		{B7D8FBC7-D2B3-421C-A6BB-050112008E47}.Debug|Any CPU.ActiveCfg = Debug|Any CPU
		{B7D8FBC7-D2B3-421C-A6BB-050112008E47}.Debug|Any CPU.Build.0 = Debug|Any CPU
		{B7D8FBC7-D2B3-421C-A6BB-050112008E47}.Release|Any CPU.ActiveCfg = Release|Any CPU
		{B7D8FBC7-D2B3-421C-A6BB-050112008E47}.Release|Any CPU.Build.0 = Release|Any CPU
		{C5A28FC5-BF3B-40E5-9A0B-65C6054C021B}.Debug|Any CPU.ActiveCfg = Debug|Any CPU
		{C5A28FC5-BF3B-40E5-9A0B-65C6054C021B}.Debug|Any CPU.Build.0 = Debug|Any CPU
		{C5A28FC5-BF3B-40E5-9A0B-65C6054C021B}.Release|Any CPU.ActiveCfg = Release|Any CPU
		{C5A28FC5-BF3B-40E5-9A0B-65C6054C021B}.Release|Any CPU.Build.0 = Release|Any CPU
		{14F92420-17E4-4791-82E1-75921BC2D8F6}.Debug|Any CPU.ActiveCfg = Debug|Any CPU
		{14F92420-17E4-4791-82E1-75921BC2D8F6}.Debug|Any CPU.Build.0 = Debug|Any CPU
		{14F92420-17E4-4791-82E1-75921BC2D8F6}.Release|Any CPU.ActiveCfg = Release|Any CPU
		{14F92420-17E4-4791-82E1-75921BC2D8F6}.Release|Any CPU.Build.0 = Release|Any CPU
	EndGlobalSection
	GlobalSection(SolutionProperties) = preSolution
		HideSolutionNode = FALSE
	EndGlobalSection
	GlobalSection(ExtensibilityGlobals) = postSolution
		SolutionGuid = {96B95433-BF0F-487B-A449-719D2E4199B8}
	EndGlobalSection
EndGlobal
